
Microsoft Visual Studio Solution File, Format Version 12.00
# Visual Studio Version 16
VisualStudioVersion = 16.0.34031.81
MinimumVisualStudioVersion = 10.0.40219.1
Project("{FAE04EC0-301F-11D3-BF4B-00C04F79EFBC}") = "PageDemo.Android", "PageDemo\PageDemo.Android\PageDemo.Android.csproj", "{C9C38BC9-356E-4A5B-9F77-D96FB938419C}"
EndProject
Project("{FAE04EC0-301F-11D3-BF4B-00C04F79EFBC}") = "PageDemo.iOS", "PageDemo\PageDemo.iOS\PageDemo.iOS.csproj", "{0EF9FBCD-40DF-4BD6-8BA6-1E2CB3F424ED}"
EndProject
Project("{FAE04EC0-301F-11D3-BF4B-00C04F79EFBC}") = "PageDemo", "PageDemo\PageDemo\PageDemo.csproj", "{B0137724-444A-4D57-B6FD-AAC7DAAC2606}"
EndProject
Global
	GlobalSection(SolutionConfigurationPlatforms) = preSolution
		Debug|Any CPU = Debug|Any CPU
		Debug|iPhone = Debug|iPhone
		Debug|iPhoneSimulator = Debug|iPhoneSimulator
		Release|Any CPU = Release|Any CPU
		Release|iPhone = Release|iPhone
		Release|iPhoneSimulator = Release|iPhoneSimulator
	EndGlobalSection
	GlobalSection(ProjectConfigurationPlatforms) = postSolution
		{C9C38BC9-356E-4A5B-9F77-D96FB938419C}.Debug|Any CPU.ActiveCfg = Debug|Any CPU
		{C9C38BC9-356E-4A5B-9F77-D96FB938419C}.Debug|Any CPU.Build.0 = Debug|Any CPU
		{C9C38BC9-356E-4A5B-9F77-D96FB938419C}.Debug|Any CPU.Deploy.0 = Debug|Any CPU
		{C9C38BC9-356E-4A5B-9F77-D96FB938419C}.Debug|iPhone.ActiveCfg = Debug|Any CPU
		{C9C38BC9-356E-4A5B-9F77-D96FB938419C}.Debug|iPhone.Build.0 = Debug|Any CPU
		{C9C38BC9-356E-4A5B-9F77-D96FB938419C}.Debug|iPhone.Deploy.0 = Debug|Any CPU
		{C9C38BC9-356E-4A5B-9F77-D96FB938419C}.Debug|iPhoneSimulator.ActiveCfg = Debug|Any CPU
		{C9C38BC9-356E-4A5B-9F77-D96FB938419C}.Debug|iPhoneSimulator.Build.0 = Debug|Any CPU
		{C9C38BC9-356E-4A5B-9F77-D96FB938419C}.Debug|iPhoneSimulator.Deploy.0 = Debug|Any CPU
		{C9C38BC9-356E-4A5B-9F77-D96FB938419C}.Release|Any CPU.ActiveCfg = Release|Any CPU
		{C9C38BC9-356E-4A5B-9F77-D96FB938419C}.Release|Any CPU.Build.0 = Release|Any CPU
		{C9C38BC9-356E-4A5B-9F77-D96FB938419C}.Release|Any CPU.Deploy.0 = Release|Any CPU
		{C9C38BC9-356E-4A5B-9F77-D96FB938419C}.Release|iPhone.ActiveCfg = Release|Any CPU
		{C9C38BC9-356E-4A5B-9F77-D96FB938419C}.Release|iPhone.Build.0 = Release|Any CPU
		{C9C38BC9-356E-4A5B-9F77-D96FB938419C}.Release|iPhone.Deploy.0 = Release|Any CPU
		{C9C38BC9-356E-4A5B-9F77-D96FB938419C}.Release|iPhoneSimulator.ActiveCfg = Release|Any CPU
		{C9C38BC9-356E-4A5B-9F77-D96FB938419C}.Release|iPhoneSimulator.Build.0 = Release|Any CPU
		{C9C38BC9-356E-4A5B-9F77-D96FB938419C}.Release|iPhoneSimulator.Deploy.0 = Release|Any CPU
		{0EF9FBCD-40DF-4BD6-8BA6-1E2CB3F424ED}.Debug|Any CPU.ActiveCfg = Debug|iPhone
		{0EF9FBCD-40DF-4BD6-8BA6-1E2CB3F424ED}.Debug|Any CPU.Build.0 = Debug|iPhone
		{0EF9FBCD-40DF-4BD6-8BA6-1E2CB3F424ED}.Debug|Any CPU.Deploy.0 = Debug|iPhone
		{0EF9FBCD-40DF-4BD6-8BA6-1E2CB3F424ED}.Debug|iPhone.ActiveCfg = Debug|iPhone
		{0EF9FBCD-40DF-4BD6-8BA6-1E2CB3F424ED}.Debug|iPhone.Build.0 = Debug|iPhone
		{0EF9FBCD-40DF-4BD6-8BA6-1E2CB3F424ED}.Debug|iPhone.Deploy.0 = Debug|iPhone
		{0EF9FBCD-40DF-4BD6-8BA6-1E2CB3F424ED}.Debug|iPhoneSimulator.ActiveCfg = Debug|iPhoneSimulator
		{0EF9FBCD-40DF-4BD6-8BA6-1E2CB3F424ED}.Debug|iPhoneSimulator.Build.0 = Debug|iPhoneSimulator
		{0EF9FBCD-40DF-4BD6-8BA6-1E2CB3F424ED}.Debug|iPhoneSimulator.Deploy.0 = Debug|iPhoneSimulator
		{0EF9FBCD-40DF-4BD6-8BA6-1E2CB3F424ED}.Release|Any CPU.ActiveCfg = Release|iPhoneSimulator
		{0EF9FBCD-40DF-4BD6-8BA6-1E2CB3F424ED}.Release|Any CPU.Build.0 = Release|iPhoneSimulator
		{0EF9FBCD-40DF-4BD6-8BA6-1E2CB3F424ED}.Release|Any CPU.Deploy.0 = Release|iPhoneSimulator
		{0EF9FBCD-40DF-4BD6-8BA6-1E2CB3F424ED}.Release|iPhone.ActiveCfg = Release|iPhone
		{0EF9FBCD-40DF-4BD6-8BA6-1E2CB3F424ED}.Release|iPhone.Build.0 = Release|iPhone
		{0EF9FBCD-40DF-4BD6-8BA6-1E2CB3F424ED}.Release|iPhone.Deploy.0 = Release|iPhone
		{0EF9FBCD-40DF-4BD6-8BA6-1E2CB3F424ED}.Release|iPhoneSimulator.ActiveCfg = Release|iPhoneSimulator
		{0EF9FBCD-40DF-4BD6-8BA6-1E2CB3F424ED}.Release|iPhoneSimulator.Build.0 = Release|iPhoneSimulator
		{0EF9FBCD-40DF-4BD6-8BA6-1E2CB3F424ED}.Release|iPhoneSimulator.Deploy.0 = Release|iPhoneSimulator
		{B0137724-444A-4D57-B6FD-AAC7DAAC2606}.Debug|Any CPU.ActiveCfg = Debug|Any CPU
		{B0137724-444A-4D57-B6FD-AAC7DAAC2606}.Debug|Any CPU.Build.0 = Debug|Any CPU
		{B0137724-444A-4D57-B6FD-AAC7DAAC2606}.Debug|Any CPU.Deploy.0 = Debug|Any CPU
		{B0137724-444A-4D57-B6FD-AAC7DAAC2606}.Debug|iPhone.ActiveCfg = Debug|Any CPU
		{B0137724-444A-4D57-B6FD-AAC7DAAC2606}.Debug|iPhone.Build.0 = Debug|Any CPU
		{B0137724-444A-4D57-B6FD-AAC7DAAC2606}.Debug|iPhone.Deploy.0 = Debug|Any CPU
		{B0137724-444A-4D57-B6FD-AAC7DAAC2606}.Debug|iPhoneSimulator.ActiveCfg = Debug|Any CPU
		{B0137724-444A-4D57-B6FD-AAC7DAAC2606}.Debug|iPhoneSimulator.Build.0 = Debug|Any CPU
		{B0137724-444A-4D57-B6FD-AAC7DAAC2606}.Debug|iPhoneSimulator.Deploy.0 = Debug|Any CPU
		{B0137724-444A-4D57-B6FD-AAC7DAAC2606}.Release|Any CPU.ActiveCfg = Release|Any CPU
		{B0137724-444A-4D57-B6FD-AAC7DAAC2606}.Release|Any CPU.Build.0 = Release|Any CPU
		{B0137724-444A-4D57-B6FD-AAC7DAAC2606}.Release|Any CPU.Deploy.0 = Release|Any CPU
		{B0137724-444A-4D57-B6FD-AAC7DAAC2606}.Release|iPhone.ActiveCfg = Release|Any CPU
		{B0137724-444A-4D57-B6FD-AAC7DAAC2606}.Release|iPhone.Build.0 = Release|Any CPU
		{B0137724-444A-4D57-B6FD-AAC7DAAC2606}.Release|iPhone.Deploy.0 = Release|Any CPU
		{B0137724-444A-4D57-B6FD-AAC7DAAC2606}.Release|iPhoneSimulator.ActiveCfg = Release|Any CPU
		{B0137724-444A-4D57-B6FD-AAC7DAAC2606}.Release|iPhoneSimulator.Build.0 = Release|Any CPU
		{B0137724-444A-4D57-B6FD-AAC7DAAC2606}.Release|iPhoneSimulator.Deploy.0 = Release|Any CPU
	EndGlobalSection
	GlobalSection(SolutionProperties) = preSolution
		HideSolutionNode = FALSE
	EndGlobalSection
	GlobalSection(ExtensibilityGlobals) = postSolution
		SolutionGuid = {3A694CF4-EC20-4C3D-91BF-12B898839196}
	EndGlobalSection
EndGlobal
